
Microsoft Visual Studio Solution File, Format Version 12.00
# Visual Studio Version 16
VisualStudioVersion = 16.0.31515.178
MinimumVisualStudioVersion = 10.0.40219.1
Project("{FAE04EC0-301F-11D3-BF4B-00C04F79EFBC}") = "mp3", "mp3.csproj", "{04B5F16B-903B-400F-90CB-5C25F47351A0}"
EndProject
Global
	GlobalSection(SolutionConfigurationPlatforms) = preSolution
		Debug|Any CPU = Debug|Any CPU
		Release|Any CPU = Release|Any CPU
	EndGlobalSection
	GlobalSection(ProjectConfigurationPlatforms) = postSolution
		{04B5F16B-903B-400F-90CB-5C25F47351A0}.Debug|Any CPU.ActiveCfg = Debug|Any CPU
		{04B5F16B-903B-400F-90CB-5C25F47351A0}.Debug|Any CPU.Build.0 = Debug|Any CPU
		{04B5F16B-903B-400F-90CB-5C25F47351A0}.Release|Any CPU.ActiveCfg = Release|Any CPU
		{04B5F16B-903B-400F-90CB-5C25F47351A0}.Release|Any CPU.Build.0 = Release|Any CPU
	EndGlobalSection
	GlobalSection(SolutionProperties) = preSolution
		HideSolutionNode = FALSE
	EndGlobalSection
	GlobalSection(ExtensibilityGlobals) = postSolution
		SolutionGuid = {781E1040-4A9C-417C-BA9B-64DE0D83B90C}
	EndGlobalSection
EndGlobal
